// !$*UTF8*$!
{
	archiveVersion = 1;
	classes = {
	};
	objectVersion = 46;
	objects = {

/* Begin PBXBuildFile section */
		AB46B983159BEF5800EF0E96 /* UIKit.framework in Frameworks */ = {isa = PBXBuildFile; fileRef = AB46B982159BEF5800EF0E96 /* UIKit.framework */; };
		AB46B985159BEF5800EF0E96 /* Foundation.framework in Frameworks */ = {isa = PBXBuildFile; fileRef = AB46B984159BEF5800EF0E96 /* Foundation.framework */; };
		AB46B987159BEF5800EF0E96 /* CoreGraphics.framework in Frameworks */ = {isa = PBXBuildFile; fileRef = AB46B986159BEF5800EF0E96 /* CoreGraphics.framework */; };
		AB46B98D159BEF5800EF0E96 /* InfoPlist.strings in Resources */ = {isa = PBXBuildFile; fileRef = AB46B98B159BEF5800EF0E96 /* InfoPlist.strings */; };
		AB46B98F159BEF5800EF0E96 /* main.m in Sources */ = {isa = PBXBuildFile; fileRef = AB46B98E159BEF5800EF0E96 /* main.m */; };
		AB46B993159BEF5800EF0E96 /* ENHAppDelegate.m in Sources */ = {isa = PBXBuildFile; fileRef = AB46B992159BEF5800EF0E96 /* ENHAppDelegate.m */; };
		AB46B996159BEF5800EF0E96 /* MainStoryboard_iPhone.storyboard in Resources */ = {isa = PBXBuildFile; fileRef = AB46B994159BEF5800EF0E96 /* MainStoryboard_iPhone.storyboard */; };
		AB46B999159BEF5800EF0E96 /* MainStoryboard_iPad.storyboard in Resources */ = {isa = PBXBuildFile; fileRef = AB46B997159BEF5800EF0E96 /* MainStoryboard_iPad.storyboard */; };
		AB46B99C159BEF5800EF0E96 /* ENHViewController.m in Sources */ = {isa = PBXBuildFile; fileRef = AB46B99B159BEF5800EF0E96 /* ENHViewController.m */; };
		ABD40194159C09860036CCCA /* _ in Resources */ = {isa = PBXBuildFile; fileRef = ABD40193159C09860036CCCA /* _ */; };
		ABD40196159C09960036CCCA /* index.html in Resources */ = {isa = PBXBuildFile; fileRef = ABD40195159C09960036CCCA /* index.html */; };
/* End PBXBuildFile section */

/* Begin PBXFileReference section */
		AB46B97E159BEF5800EF0E96 /* Webuttons.app */ = {isa = PBXFileReference; explicitFileType = wrapper.application; includeInIndex = 0; path = Webuttons.app; sourceTree = BUILT_PRODUCTS_DIR; };
		AB46B982159BEF5800EF0E96 /* UIKit.framework */ = {isa = PBXFileReference; lastKnownFileType = wrapper.framework; name = UIKit.framework; path = System/Library/Frameworks/UIKit.framework; sourceTree = SDKROOT; };
		AB46B984159BEF5800EF0E96 /* Foundation.framework */ = {isa = PBXFileReference; lastKnownFileType = wrapper.framework; name = Foundation.framework; path = System/Library/Frameworks/Foundation.framework; sourceTree = SDKROOT; };
		AB46B986159BEF5800EF0E96 /* CoreGraphics.framework */ = {isa = PBXFileReference; lastKnownFileType = wrapper.framework; name = CoreGraphics.framework; path = System/Library/Frameworks/CoreGraphics.framework; sourceTree = SDKROOT; };
		AB46B98A159BEF5800EF0E96 /* Webuttons-Info.plist */ = {isa = PBXFileReference; lastKnownFileType = text.plist.xml; path = "Webuttons-Info.plist"; sourceTree = "<group>"; };
		AB46B98C159BEF5800EF0E96 /* en */ = {isa = PBXFileReference; lastKnownFileType = text.plist.strings; name = en; path = en.lproj/InfoPlist.strings; sourceTree = "<group>"; };
		AB46B98E159BEF5800EF0E96 /* main.m */ = {isa = PBXFileReference; lastKnownFileType = sourcecode.c.objc; path = main.m; sourceTree = "<group>"; };
		AB46B990159BEF5800EF0E96 /* Webuttons-Prefix.pch */ = {isa = PBXFileReference; lastKnownFileType = sourcecode.c.h; path = "Webuttons-Prefix.pch"; sourceTree = "<group>"; };
		AB46B991159BEF5800EF0E96 /* ENHAppDelegate.h */ = {isa = PBXFileReference; lastKnownFileType = sourcecode.c.h; path = ENHAppDelegate.h; sourceTree = "<group>"; };
		AB46B992159BEF5800EF0E96 /* ENHAppDelegate.m */ = {isa = PBXFileReference; lastKnownFileType = sourcecode.c.objc; path = ENHAppDelegate.m; sourceTree = "<group>"; };
		AB46B995159BEF5800EF0E96 /* en */ = {isa = PBXFileReference; lastKnownFileType = file.storyboard; name = en; path = en.lproj/MainStoryboard_iPhone.storyboard; sourceTree = "<group>"; };
		AB46B998159BEF5800EF0E96 /* en */ = {isa = PBXFileReference; lastKnownFileType = file.storyboard; name = en; path = en.lproj/MainStoryboard_iPad.storyboard; sourceTree = "<group>"; };
		AB46B99A159BEF5800EF0E96 /* ENHViewController.h */ = {isa = PBXFileReference; lastKnownFileType = sourcecode.c.h; path = ENHViewController.h; sourceTree = "<group>"; };
		AB46B99B159BEF5800EF0E96 /* ENHViewController.m */ = {isa = PBXFileReference; lastKnownFileType = sourcecode.c.objc; path = ENHViewController.m; sourceTree = "<group>"; };
		ABD40193159C09860036CCCA /* _ */ = {isa = PBXFileReference; lastKnownFileType = folder; path = _; sourceTree = "<group>"; };
		ABD40195159C09960036CCCA /* index.html */ = {isa = PBXFileReference; fileEncoding = 4; lastKnownFileType = text.html; path = index.html; sourceTree = "<group>"; };
/* End PBXFileReference section */

/* Begin PBXFrameworksBuildPhase section */
		AB46B97B159BEF5800EF0E96 /* Frameworks */ = {
			isa = PBXFrameworksBuildPhase;
			buildActionMask = 2147483647;
			files = (
				AB46B983159BEF5800EF0E96 /* UIKit.framework in Frameworks */,
				AB46B985159BEF5800EF0E96 /* Foundation.framework in Frameworks */,
				AB46B987159BEF5800EF0E96 /* CoreGraphics.framework in Frameworks */,
			);
			runOnlyForDeploymentPostprocessing = 0;
		};
/* End PBXFrameworksBuildPhase section */

/* Begin PBXGroup section */
		AB46B973159BEF5800EF0E96 = {
			isa = PBXGroup;
			children = (
				AB46B988159BEF5800EF0E96 /* Webuttons */,
				AB46B981159BEF5800EF0E96 /* Frameworks */,
				AB46B97F159BEF5800EF0E96 /* Products */,
			);
			sourceTree = "<group>";
		};
		AB46B97F159BEF5800EF0E96 /* Products */ = {
			isa = PBXGroup;
			children = (
				AB46B97E159BEF5800EF0E96 /* Webuttons.app */,
			);
			name = Products;
			sourceTree = "<group>";
		};
		AB46B981159BEF5800EF0E96 /* Frameworks */ = {
			isa = PBXGroup;
			children = (
				AB46B982159BEF5800EF0E96 /* UIKit.framework */,
				AB46B984159BEF5800EF0E96 /* Foundation.framework */,
				AB46B986159BEF5800EF0E96 /* CoreGraphics.framework */,
			);
			name = Frameworks;
			sourceTree = "<group>";
		};
		AB46B988159BEF5800EF0E96 /* Webuttons */ = {
			isa = PBXGroup;
			children = (
				ABD40193159C09860036CCCA /* _ */,
				ABD40195159C09960036CCCA /* index.html */,
				AB46B991159BEF5800EF0E96 /* ENHAppDelegate.h */,
				AB46B992159BEF5800EF0E96 /* ENHAppDelegate.m */,
				AB46B994159BEF5800EF0E96 /* MainStoryboard_iPhone.storyboard */,
				AB46B997159BEF5800EF0E96 /* MainStoryboard_iPad.storyboard */,
				AB46B99A159BEF5800EF0E96 /* ENHViewController.h */,
				AB46B99B159BEF5800EF0E96 /* ENHViewController.m */,
				AB46B989159BEF5800EF0E96 /* Supporting Files */,
			);
			path = Webuttons;
			sourceTree = "<group>";
		};
		AB46B989159BEF5800EF0E96 /* Supporting Files */ = {
			isa = PBXGroup;
			children = (
				AB46B98A159BEF5800EF0E96 /* Webuttons-Info.plist */,
				AB46B98B159BEF5800EF0E96 /* InfoPlist.strings */,
				AB46B98E159BEF5800EF0E96 /* main.m */,
				AB46B990159BEF5800EF0E96 /* Webuttons-Prefix.pch */,
			);
			name = "Supporting Files";
			sourceTree = "<group>";
		};
/* End PBXGroup section */

/* Begin PBXNativeTarget section */
		AB46B97D159BEF5800EF0E96 /* Webuttons */ = {
			isa = PBXNativeTarget;
			buildConfigurationList = AB46B99F159BEF5800EF0E96 /* Build configuration list for PBXNativeTarget "Webuttons" */;
			buildPhases = (
				AB46B97A159BEF5800EF0E96 /* Sources */,
				AB46B97B159BEF5800EF0E96 /* Frameworks */,
				AB46B97C159BEF5800EF0E96 /* Resources */,
			);
			buildRules = (
			);
			dependencies = (
			);
			name = Webuttons;
			productName = Webuttons;
			productReference = AB46B97E159BEF5800EF0E96 /* Webuttons.app */;
			productType = "com.apple.product-type.application";
		};
/* End PBXNativeTarget section */

/* Begin PBXProject section */
		AB46B975159BEF5800EF0E96 /* Project object */ = {
			isa = PBXProject;
			attributes = {
				CLASSPREFIX = ENH;
				LastUpgradeCheck = 0430;
				ORGANIZATIONNAME = "Sounds Broken inc";
			};
			buildConfigurationList = AB46B978159BEF5800EF0E96 /* Build configuration list for PBXProject "Webuttons" */;
			compatibilityVersion = "Xcode 3.2";
			developmentRegion = English;
			hasScannedForEncodings = 0;
			knownRegions = (
				en,
			);
			mainGroup = AB46B973159BEF5800EF0E96;
			productRefGroup = AB46B97F159BEF5800EF0E96 /* Products */;
			projectDirPath = "";
			projectRoot = "";
			targets = (
				AB46B97D159BEF5800EF0E96 /* Webuttons */,
			);
		};
/* End PBXProject section */

/* Begin PBXResourcesBuildPhase section */
		AB46B97C159BEF5800EF0E96 /* Resources */ = {
			isa = PBXResourcesBuildPhase;
			buildActionMask = 2147483647;
			files = (
				AB46B98D159BEF5800EF0E96 /* InfoPlist.strings in Resources */,
				AB46B996159BEF5800EF0E96 /* MainStoryboard_iPhone.storyboard in Resources */,
				AB46B999159BEF5800EF0E96 /* MainStoryboard_iPad.storyboard in Resources */,
				ABD40194159C09860036CCCA /* _ in Resources */,
				ABD40196159C09960036CCCA /* index.html in Resources */,
			);
			runOnlyForDeploymentPostprocessing = 0;
		};
/* End PBXResourcesBuildPhase section */

/* Begin PBXSourcesBuildPhase section */
		AB46B97A159BEF5800EF0E96 /* Sources */ = {
			isa = PBXSourcesBuildPhase;
			buildActionMask = 2147483647;
			files = (
				AB46B98F159BEF5800EF0E96 /* main.m in Sources */,
				AB46B993159BEF5800EF0E96 /* ENHAppDelegate.m in Sources */,
				AB46B99C159BEF5800EF0E96 /* ENHViewController.m in Sources */,
			);
			runOnlyForDeploymentPostprocessing = 0;
		};
/* End PBXSourcesBuildPhase section */

/* Begin PBXVariantGroup section */
		AB46B98B159BEF5800EF0E96 /* InfoPlist.strings */ = {
			isa = PBXVariantGroup;
			children = (
				AB46B98C159BEF5800EF0E96 /* en */,
			);
			name = InfoPlist.strings;
			sourceTree = "<group>";
		};
		AB46B994159BEF5800EF0E96 /* MainStoryboard_iPhone.storyboard */ = {
			isa = PBXVariantGroup;
			children = (
				AB46B995159BEF5800EF0E96 /* en */,
			);
			name = MainStoryboard_iPhone.storyboard;
			sourceTree = "<group>";
		};
		AB46B997159BEF5800EF0E96 /* MainStoryboard_iPad.storyboard */ = {
			isa = PBXVariantGroup;
			children = (
				AB46B998159BEF5800EF0E96 /* en */,
			);
			name = MainStoryboard_iPad.storyboard;
			sourceTree = "<group>";
		};
/* End PBXVariantGroup section */

/* Begin XCBuildConfiguration section */
		AB46B99D159BEF5800EF0E96 /* Debug */ = {
			isa = XCBuildConfiguration;
			buildSettings = {
				ALWAYS_SEARCH_USER_PATHS = NO;
				ARCHS = "$(ARCHS_STANDARD_32_BIT)";
				CLANG_ENABLE_OBJC_ARC = YES;
				"CODE_SIGN_IDENTITY[sdk=iphoneos*]" = "iPhone Developer";
				COPY_PHASE_STRIP = NO;
				GCC_C_LANGUAGE_STANDARD = gnu99;
				GCC_DYNAMIC_NO_PIC = NO;
				GCC_OPTIMIZATION_LEVEL = 0;
				GCC_PREPROCESSOR_DEFINITIONS = (
					"DEBUG=1",
					"$(inherited)",
				);
				GCC_SYMBOLS_PRIVATE_EXTERN = NO;
				GCC_VERSION = com.apple.compilers.llvm.clang.1_0;
				GCC_WARN_ABOUT_RETURN_TYPE = YES;
				GCC_WARN_UNINITIALIZED_AUTOS = YES;
				GCC_WARN_UNUSED_VARIABLE = YES;
				IPHONEOS_DEPLOYMENT_TARGET = 5.1;
				SDKROOT = iphoneos;
				TARGETED_DEVICE_FAMILY = "1,2";
			};
			name = Debug;
		};
		AB46B99E159BEF5800EF0E96 /* Release */ = {
			isa = XCBuildConfiguration;
			buildSettings = {
				ALWAYS_SEARCH_USER_PATHS = NO;
				ARCHS = "$(ARCHS_STANDARD_32_BIT)";
				CLANG_ENABLE_OBJC_ARC = YES;
				"CODE_SIGN_IDENTITY[sdk=iphoneos*]" = "iPhone Developer";
				COPY_PHASE_STRIP = YES;
				GCC_C_LANGUAGE_STANDARD = gnu99;
				GCC_VERSION = com.apple.compilers.llvm.clang.1_0;
				GCC_WARN_ABOUT_RETURN_TYPE = YES;
				GCC_WARN_UNINITIALIZED_AUTOS = YES;
				GCC_WARN_UNUSED_VARIABLE = YES;
				IPHONEOS_DEPLOYMENT_TARGET = 5.1;
				OTHER_CFLAGS = "-DNS_BLOCK_ASSERTIONS=1";
				SDKROOT = iphoneos;
				TARGETED_DEVICE_FAMILY = "1,2";
				VALIDATE_PRODUCT = YES;
			};
			name = Release;
		};
		AB46B9A0159BEF5800EF0E96 /* Debug */ = {
			isa = XCBuildConfiguration;
			buildSettings = {
				GCC_PRECOMPILE_PREFIX_HEADER = YES;
				GCC_PREFIX_HEADER = "Webuttons/Webuttons-Prefix.pch";
				INFOPLIST_FILE = "Webuttons/Webuttons-Info.plist";
				PRODUCT_NAME = "$(TARGET_NAME)";
				WRAPPER_EXTENSION = app;
			};
			name = Debug;
		};
		AB46B9A1159BEF5800EF0E96 /* Release */ = {
			isa = XCBuildConfiguration;
			buildSettings = {
				GCC_PRECOMPILE_PREFIX_HEADER = YES;
				GCC_PREFIX_HEADER = "Webuttons/Webuttons-Prefix.pch";
				INFOPLIST_FILE = "Webuttons/Webuttons-Info.plist";
				PRODUCT_NAME = "$(TARGET_NAME)";
				WRAPPER_EXTENSION = app;
			};
			name = Release;
		};
/* End XCBuildConfiguration section */

/* Begin XCConfigurationList section */
		AB46B978159BEF5800EF0E96 /* Build configuration list for PBXProject "Webuttons" */ = {
			isa = XCConfigurationList;
			buildConfigurations = (
				AB46B99D159BEF5800EF0E96 /* Debug */,
				AB46B99E159BEF5800EF0E96 /* Release */,
			);
			defaultConfigurationIsVisible = 0;
			defaultConfigurationName = Release;
		};
		AB46B99F159BEF5800EF0E96 /* Build configuration list for PBXNativeTarget "Webuttons" */ = {
			isa = XCConfigurationList;
			buildConfigurations = (
				AB46B9A0159BEF5800EF0E96 /* Debug */,
				AB46B9A1159BEF5800EF0E96 /* Release */,
			);
			defaultConfigurationIsVisible = 0;
			defaultConfigurationName = Release;
		};
/* End XCConfigurationList section */
	};
	rootObject = AB46B975159BEF5800EF0E96 /* Project object */;
}
